// !$*UTF8*$!
{
	archiveVersion = 1;
	classes = {
	};
	objectVersion = 55;
	objects = {

/* Begin PBXBuildFile section */
		BF497C5B28EDC6E0004E0518 /* AppDelegate.swift in Sources */ = {isa = PBXBuildFile; fileRef = BF497C5A28EDC6E0004E0518 /* AppDelegate.swift */; };
		BF497C5D28EDC6E0004E0518 /* SceneDelegate.swift in Sources */ = {isa = PBXBuildFile; fileRef = BF497C5C28EDC6E0004E0518 /* SceneDelegate.swift */; };
		BF497C5F28EDC6E0004E0518 /* ViewController.swift in Sources */ = {isa = PBXBuildFile; fileRef = BF497C5E28EDC6E0004E0518 /* ViewController.swift */; };
		BF497C6228EDC6E0004E0518 /* Main.storyboard in Resources */ = {isa = PBXBuildFile; fileRef = BF497C6028EDC6E0004E0518 /* Main.storyboard */; };
		BF497C6428EDC6E2004E0518 /* Assets.xcassets in Resources */ = {isa = PBXBuildFile; fileRef = BF497C6328EDC6E2004E0518 /* Assets.xcassets */; };
		BF497C6728EDC6E2004E0518 /* LaunchScreen.storyboard in Resources */ = {isa = PBXBuildFile; fileRef = BF497C6528EDC6E2004E0518 /* LaunchScreen.storyboard */; };
		BF497C6F28EDC8E0004E0518 /* SecondViewController.swift in Sources */ = {isa = PBXBuildFile; fileRef = BF497C6E28EDC8E0004E0518 /* SecondViewController.swift */; };
		BF497C7128EDCA66004E0518 /* ThirdViewController.swift in Sources */ = {isa = PBXBuildFile; fileRef = BF497C7028EDCA66004E0518 /* ThirdViewController.swift */; };
/* End PBXBuildFile section */

/* Begin PBXFileReference section */
		BF497C5728EDC6E0004E0518 /* MultiPagesApp.app */ = {isa = PBXFileReference; explicitFileType = wrapper.application; includeInIndex = 0; path = MultiPagesApp.app; sourceTree = BUILT_PRODUCTS_DIR; };
		BF497C5A28EDC6E0004E0518 /* AppDelegate.swift */ = {isa = PBXFileReference; lastKnownFileType = sourcecode.swift; path = AppDelegate.swift; sourceTree = "<group>"; };
		BF497C5C28EDC6E0004E0518 /* SceneDelegate.swift */ = {isa = PBXFileReference; lastKnownFileType = sourcecode.swift; path = SceneDelegate.swift; sourceTree = "<group>"; };
		BF497C5E28EDC6E0004E0518 /* ViewController.swift */ = {isa = PBXFileReference; lastKnownFileType = sourcecode.swift; path = ViewController.swift; sourceTree = "<group>"; };
		BF497C6128EDC6E0004E0518 /* Base */ = {isa = PBXFileReference; lastKnownFileType = file.storyboard; name = Base; path = Base.lproj/Main.storyboard; sourceTree = "<group>"; };
		BF497C6328EDC6E2004E0518 /* Assets.xcassets */ = {isa = PBXFileReference; lastKnownFileType = folder.assetcatalog; path = Assets.xcassets; sourceTree = "<group>"; };
		BF497C6628EDC6E2004E0518 /* Base */ = {isa = PBXFileReference; lastKnownFileType = file.storyboard; name = Base; path = Base.lproj/LaunchScreen.storyboard; sourceTree = "<group>"; };
		BF497C6828EDC6E2004E0518 /* Info.plist */ = {isa = PBXFileReference; lastKnownFileType = text.plist.xml; path = Info.plist; sourceTree = "<group>"; };
		BF497C6E28EDC8E0004E0518 /* SecondViewController.swift */ = {isa = PBXFileReference; lastKnownFileType = sourcecode.swift; path = SecondViewController.swift; sourceTree = "<group>"; };
		BF497C7028EDCA66004E0518 /* ThirdViewController.swift */ = {isa = PBXFileReference; lastKnownFileType = sourcecode.swift; path = ThirdViewController.swift; sourceTree = "<group>"; };
/* End PBXFileReference section */

/* Begin PBXFrameworksBuildPhase section */
		BF497C5428EDC6E0004E0518 /* Frameworks */ = {
			isa = PBXFrameworksBuildPhase;
			buildActionMask = 2147483647;
			files = (
			);
			runOnlyForDeploymentPostprocessing = 0;
		};
/* End PBXFrameworksBuildPhase section */

/* Begin PBXGroup section */
		BF497C4E28EDC6E0004E0518 = {
			isa = PBXGroup;
			children = (
				BF497C5928EDC6E0004E0518 /* MultiPagesApp */,
				BF497C5828EDC6E0004E0518 /* Products */,
			);
			sourceTree = "<group>";
		};
		BF497C5828EDC6E0004E0518 /* Products */ = {
			isa = PBXGroup;
			children = (
				BF497C5728EDC6E0004E0518 /* MultiPagesApp.app */,
			);
			name = Products;
			sourceTree = "<group>";
		};
		BF497C5928EDC6E0004E0518 /* MultiPagesApp */ = {
			isa = PBXGroup;
			children = (
				BF497C5A28EDC6E0004E0518 /* AppDelegate.swift */,
				BF497C5C28EDC6E0004E0518 /* SceneDelegate.swift */,
				BF497C5E28EDC6E0004E0518 /* ViewController.swift */,
				BF497C6E28EDC8E0004E0518 /* SecondViewController.swift */,
				BF497C7028EDCA66004E0518 /* ThirdViewController.swift */,
				BF497C6028EDC6E0004E0518 /* Main.storyboard */,
				BF497C6328EDC6E2004E0518 /* Assets.xcassets */,
				BF497C6528EDC6E2004E0518 /* LaunchScreen.storyboard */,
				BF497C6828EDC6E2004E0518 /* Info.plist */,
			);
			path = MultiPagesApp;
			sourceTree = "<group>";
		};
/* End PBXGroup section */

/* Begin PBXNativeTarget section */
		BF497C5628EDC6E0004E0518 /* MultiPagesApp */ = {
			isa = PBXNativeTarget;
			buildConfigurationList = BF497C6B28EDC6E2004E0518 /* Build configuration list for PBXNativeTarget "MultiPagesApp" */;
			buildPhases = (
				BF497C5328EDC6E0004E0518 /* Sources */,
				BF497C5428EDC6E0004E0518 /* Frameworks */,
				BF497C5528EDC6E0004E0518 /* Resources */,
			);
			buildRules = (
			);
			dependencies = (
			);
			name = MultiPagesApp;
			productName = MultiPagesApp;
			productReference = BF497C5728EDC6E0004E0518 /* MultiPagesApp.app */;
			productType = "com.apple.product-type.application";
		};
/* End PBXNativeTarget section */

/* Begin PBXProject section */
		BF497C4F28EDC6E0004E0518 /* Project object */ = {
			isa = PBXProject;
			attributes = {
				BuildIndependentTargetsInParallel = 1;
				LastSwiftUpdateCheck = 1320;
				LastUpgradeCheck = 1320;
				TargetAttributes = {
					BF497C5628EDC6E0004E0518 = {
						CreatedOnToolsVersion = 13.2.1;
					};
				};
			};
			buildConfigurationList = BF497C5228EDC6E0004E0518 /* Build configuration list for PBXProject "MultiPagesApp" */;
			compatibilityVersion = "Xcode 13.0";
			developmentRegion = en;
			hasScannedForEncodings = 0;
			knownRegions = (
				en,
				Base,
			);
			mainGroup = BF497C4E28EDC6E0004E0518;
			productRefGroup = BF497C5828EDC6E0004E0518 /* Products */;
			projectDirPath = "";
			projectRoot = "";
			targets = (
				BF497C5628EDC6E0004E0518 /* MultiPagesApp */,
			);
		};
/* End PBXProject section */

/* Begin PBXResourcesBuildPhase section */
		BF497C5528EDC6E0004E0518 /* Resources */ = {
			isa = PBXResourcesBuildPhase;
			buildActionMask = 2147483647;
			files = (
				BF497C6728EDC6E2004E0518 /* LaunchScreen.storyboard in Resources */,
				BF497C6428EDC6E2004E0518 /* Assets.xcassets in Resources */,
				BF497C6228EDC6E0004E0518 /* Main.storyboard in Resources */,
			);
			runOnlyForDeploymentPostprocessing = 0;
		};
/* End PBXResourcesBuildPhase section */

/* Begin PBXSourcesBuildPhase section */
		BF497C5328EDC6E0004E0518 /* Sources */ = {
			isa = PBXSourcesBuildPhase;
			buildActionMask = 2147483647;
			files = (
				BF497C6F28EDC8E0004E0518 /* SecondViewController.swift in Sources */,
				BF497C5F28EDC6E0004E0518 /* ViewController.swift in Sources */,
				BF497C7128EDCA66004E0518 /* ThirdViewController.swift in Sources */,
				BF497C5B28EDC6E0004E0518 /* AppDelegate.swift in Sources */,
				BF497C5D28EDC6E0004E0518 /* SceneDelegate.swift in Sources */,
			);
			runOnlyForDeploymentPostprocessing = 0;
		};
/* End PBXSourcesBuildPhase section */

/* Begin PBXVariantGroup section */
		BF497C6028EDC6E0004E0518 /* Main.storyboard */ = {
			isa = PBXVariantGroup;
			children = (
				BF497C6128EDC6E0004E0518 /* Base */,
			);
			name = Main.storyboard;
			sourceTree = "<group>";
		};
		BF497C6528EDC6E2004E0518 /* LaunchScreen.storyboard */ = {
			isa = PBXVariantGroup;
			children = (
				BF497C6628EDC6E2004E0518 /* Base */,
			);
			name = LaunchScreen.storyboard;
			sourceTree = "<group>";
		};
/* End PBXVariantGroup section */

/* Begin XCBuildConfiguration section */
		BF497C6928EDC6E2004E0518 /* Debug */ = {
			isa = XCBuildConfiguration;
			buildSettings = {
				ALWAYS_SEARCH_USER_PATHS = NO;
				CLANG_ANALYZER_NONNULL = YES;
				CLANG_ANALYZER_NUMBER_OBJECT_CONVERSION = YES_AGGRESSIVE;
				CLANG_CXX_LANGUAGE_STANDARD = "gnu++17";
				CLANG_CXX_LIBRARY = "libc++";
				CLANG_ENABLE_MODULES = YES;
				CLANG_ENABLE_OBJC_ARC = YES;
				CLANG_ENABLE_OBJC_WEAK = YES;
				CLANG_WARN_BLOCK_CAPTURE_AUTORELEASING = YES;
				CLANG_WARN_BOOL_CONVERSION = YES;
				CLANG_WARN_COMMA = YES;
				CLANG_WARN_CONSTANT_CONVERSION = YES;
				CLANG_WARN_DEPRECATED_OBJC_IMPLEMENTATIONS = YES;
				CLANG_WARN_DIRECT_OBJC_ISA_USAGE = YES_ERROR;
				CLANG_WARN_DOCUMENTATION_COMMENTS = YES;
				CLANG_WARN_EMPTY_BODY = YES;
				CLANG_WARN_ENUM_CONVERSION = YES;
				CLANG_WARN_INFINITE_RECURSION = YES;
				CLANG_WARN_INT_CONVERSION = YES;
				CLANG_WARN_NON_LITERAL_NULL_CONVERSION = YES;
				CLANG_WARN_OBJC_IMPLICIT_RETAIN_SELF = YES;
				CLANG_WARN_OBJC_LITERAL_CONVERSION = YES;
				CLANG_WARN_OBJC_ROOT_CLASS = YES_ERROR;
				CLANG_WARN_QUOTED_INCLUDE_IN_FRAMEWORK_HEADER = YES;
				CLANG_WARN_RANGE_LOOP_ANALYSIS = YES;
				CLANG_WARN_STRICT_PROTOTYPES = YES;
				CLANG_WARN_SUSPICIOUS_MOVE = YES;
				CLANG_WARN_UNGUARDED_AVAILABILITY = YES_AGGRESSIVE;
				CLANG_WARN_UNREACHABLE_CODE = YES;
				CLANG_WARN__DUPLICATE_METHOD_MATCH = YES;
				COPY_PHASE_STRIP = NO;
				DEBUG_INFORMATION_FORMAT = dwarf;
				ENABLE_STRICT_OBJC_MSGSEND = YES;
				ENABLE_TESTABILITY = YES;
				GCC_C_LANGUAGE_STANDARD = gnu11;
				GCC_DYNAMIC_NO_PIC = NO;
				GCC_NO_COMMON_BLOCKS = YES;
				GCC_OPTIMIZATION_LEVEL = 0;
				GCC_PREPROCESSOR_DEFINITIONS = (
					"DEBUG=1",
					"$(inherited)",
				);
				GCC_WARN_64_TO_32_BIT_CONVERSION = YES;
				GCC_WARN_ABOUT_RETURN_TYPE = YES_ERROR;
				GCC_WARN_UNDECLARED_SELECTOR = YES;
				GCC_WARN_UNINITIALIZED_AUTOS = YES_AGGRESSIVE;
				GCC_WARN_UNUSED_FUNCTION = YES;
				GCC_WARN_UNUSED_VARIABLE = YES;
				IPHONEOS_DEPLOYMENT_TARGET = 15.2;
				MTL_ENABLE_DEBUG_INFO = INCLUDE_SOURCE;
				MTL_FAST_MATH = YES;
				ONLY_ACTIVE_ARCH = YES;
				SDKROOT = iphoneos;
				SWIFT_ACTIVE_COMPILATION_CONDITIONS = DEBUG;
				SWIFT_OPTIMIZATION_LEVEL = "-Onone";
			};
			name = Debug;
		};
		BF497C6A28EDC6E2004E0518 /* Release */ = {
			isa = XCBuildConfiguration;
			buildSettings = {
				ALWAYS_SEARCH_USER_PATHS = NO;
				CLANG_ANALYZER_NONNULL = YES;
				CLANG_ANALYZER_NUMBER_OBJECT_CONVERSION = YES_AGGRESSIVE;
				CLANG_CXX_LANGUAGE_STANDARD = "gnu++17";
				CLANG_CXX_LIBRARY = "libc++";
				CLANG_ENABLE_MODULES = YES;
				CLANG_ENABLE_OBJC_ARC = YES;
				CLANG_ENABLE_OBJC_WEAK = YES;
				CLANG_WARN_BLOCK_CAPTURE_AUTORELEASING = YES;
				CLANG_WARN_BOOL_CONVERSION = YES;
				CLANG_WARN_COMMA = YES;
				CLANG_WARN_CONSTANT_CONVERSION = YES;
				CLANG_WARN_DEPRECATED_OBJC_IMPLEMENTATIONS = YES;
				CLANG_WARN_DIRECT_OBJC_ISA_USAGE = YES_ERROR;
				CLANG_WARN_DOCUMENTATION_COMMENTS = YES;
				CLANG_WARN_EMPTY_BODY = YES;
				CLANG_WARN_ENUM_CONVERSION = YES;
				CLANG_WARN_INFINITE_RECURSION = YES;
				CLANG_WARN_INT_CONVERSION = YES;
				CLANG_WARN_NON_LITERAL_NULL_CONVERSION = YES;
				CLANG_WARN_OBJC_IMPLICIT_RETAIN_SELF = YES;
				CLANG_WARN_OBJC_LITERAL_CONVERSION = YES;
				CLANG_WARN_OBJC_ROOT_CLASS = YES_ERROR;
				CLANG_WARN_QUOTED_INCLUDE_IN_FRAMEWORK_HEADER = YES;
				CLANG_WARN_RANGE_LOOP_ANALYSIS = YES;
				CLANG_WARN_STRICT_PROTOTYPES = YES;
				CLANG_WARN_SUSPICIOUS_MOVE = YES;
				CLANG_WARN_UNGUARDED_AVAILABILITY = YES_AGGRESSIVE;
				CLANG_WARN_UNREACHABLE_CODE = YES;
				CLANG_WARN__DUPLICATE_METHOD_MATCH = YES;
				COPY_PHASE_STRIP = NO;
				DEBUG_INFORMATION_FORMAT = "dwarf-with-dsym";
				ENABLE_NS_ASSERTIONS = NO;
				ENABLE_STRICT_OBJC_MSGSEND = YES;
				GCC_C_LANGUAGE_STANDARD = gnu11;
				GCC_NO_COMMON_BLOCKS = YES;
				GCC_WARN_64_TO_32_BIT_CONVERSION = YES;
				GCC_WARN_ABOUT_RETURN_TYPE = YES_ERROR;
				GCC_WARN_UNDECLARED_SELECTOR = YES;
				GCC_WARN_UNINITIALIZED_AUTOS = YES_AGGRESSIVE;
				GCC_WARN_UNUSED_FUNCTION = YES;
				GCC_WARN_UNUSED_VARIABLE = YES;
				IPHONEOS_DEPLOYMENT_TARGET = 15.2;
				MTL_ENABLE_DEBUG_INFO = NO;
				MTL_FAST_MATH = YES;
				SDKROOT = iphoneos;
				SWIFT_COMPILATION_MODE = wholemodule;
				SWIFT_OPTIMIZATION_LEVEL = "-O";
				VALIDATE_PRODUCT = YES;
			};
			name = Release;
		};
		BF497C6C28EDC6E2004E0518 /* Debug */ = {
			isa = XCBuildConfiguration;
			buildSettings = {
				ASSETCATALOG_COMPILER_APPICON_NAME = AppIcon;
				ASSETCATALOG_COMPILER_GLOBAL_ACCENT_COLOR_NAME = AccentColor;
				CODE_SIGN_STYLE = Automatic;
				CURRENT_PROJECT_VERSION = 1;
				DEVELOPMENT_TEAM = 5Y6MJE533C;
				GENERATE_INFOPLIST_FILE = YES;
				INFOPLIST_FILE = MultiPagesApp/Info.plist;
				INFOPLIST_KEY_UIApplicationSupportsIndirectInputEvents = YES;
				INFOPLIST_KEY_UILaunchStoryboardName = LaunchScreen;
				INFOPLIST_KEY_UIMainStoryboardFile = Main;
				INFOPLIST_KEY_UISupportedInterfaceOrientations_iPad = "UIInterfaceOrientationPortrait UIInterfaceOrientationPortraitUpsideDown UIInterfaceOrientationLandscapeLeft UIInterfaceOrientationLandscapeRight";
				INFOPLIST_KEY_UISupportedInterfaceOrientations_iPhone = "UIInterfaceOrientationPortrait UIInterfaceOrientationLandscapeLeft UIInterfaceOrientationLandscapeRight";
				LD_RUNPATH_SEARCH_PATHS = (
					"$(inherited)",
					"@executable_path/Frameworks",
				);
				MARKETING_VERSION = 1.0;
				PRODUCT_BUNDLE_IDENTIFIER = carvalho.daniel.MultiPagesApp;
				PRODUCT_NAME = "$(TARGET_NAME)";
				SWIFT_EMIT_LOC_STRINGS = YES;
				SWIFT_VERSION = 5.0;
				TARGETED_DEVICE_FAMILY = "1,2";
			};
			name = Debug;
		};
		BF497C6D28EDC6E2004E0518 /* Release */ = {
			isa = XCBuildConfiguration;
			buildSettings = {
				ASSETCATALOG_COMPILER_APPICON_NAME = AppIcon;
				ASSETCATALOG_COMPILER_GLOBAL_ACCENT_COLOR_NAME = AccentColor;
				CODE_SIGN_STYLE = Automatic;
				CURRENT_PROJECT_VERSION = 1;
				DEVELOPMENT_TEAM = 5Y6MJE533C;
				GENERATE_INFOPLIST_FILE = YES;
				INFOPLIST_FILE = MultiPagesApp/Info.plist;
				INFOPLIST_KEY_UIApplicationSupportsIndirectInputEvents = YES;
				INFOPLIST_KEY_UILaunchStoryboardName = LaunchScreen;
				INFOPLIST_KEY_UIMainStoryboardFile = Main;
				INFOPLIST_KEY_UISupportedInterfaceOrientations_iPad = "UIInterfaceOrientationPortrait UIInterfaceOrientationPortraitUpsideDown UIInterfaceOrientationLandscapeLeft UIInterfaceOrientationLandscapeRight";
				INFOPLIST_KEY_UISupportedInterfaceOrientations_iPhone = "UIInterfaceOrientationPortrait UIInterfaceOrientationLandscapeLeft UIInterfaceOrientationLandscapeRight";
				LD_RUNPATH_SEARCH_PATHS = (
					"$(inherited)",
					"@executable_path/Frameworks",
				);
				MARKETING_VERSION = 1.0;
				PRODUCT_BUNDLE_IDENTIFIER = carvalho.daniel.MultiPagesApp;
				PRODUCT_NAME = "$(TARGET_NAME)";
				SWIFT_EMIT_LOC_STRINGS = YES;
				SWIFT_VERSION = 5.0;
				TARGETED_DEVICE_FAMILY = "1,2";
			};
			name = Release;
		};
/* End XCBuildConfiguration section */

/* Begin XCConfigurationList section */
		BF497C5228EDC6E0004E0518 /* Build configuration list for PBXProject "MultiPagesApp" */ = {
			isa = XCConfigurationList;
			buildConfigurations = (
				BF497C6928EDC6E2004E0518 /* Debug */,
				BF497C6A28EDC6E2004E0518 /* Release */,
			);
			defaultConfigurationIsVisible = 0;
			defaultConfigurationName = Release;
		};
		BF497C6B28EDC6E2004E0518 /* Build configuration list for PBXNativeTarget "MultiPagesApp" */ = {
			isa = XCConfigurationList;
			buildConfigurations = (
				BF497C6C28EDC6E2004E0518 /* Debug */,
				BF497C6D28EDC6E2004E0518 /* Release */,
			);
			defaultConfigurationIsVisible = 0;
			defaultConfigurationName = Release;
		};
/* End XCConfigurationList section */
	};
	rootObject = BF497C4F28EDC6E0004E0518 /* Project object */;
}
